{
  "name": "mocker",
  "version": "0.0.1",
  "lockfileVersion": 1,
  "requires": true,
  "dependencies": {
    "hatech-web-theme-darkblue": {
      "version": "0.0.19",
      "resolved": "http://192.168.1.18:6789/hatech-web-theme-darkblue/-/hatech-web-theme-darkblue-0.0.19.tgz",
      "integrity": "sha512-wqhC45aU+0YsO6+AT4Wf93gIb8RLD0UVB9cLE6OJRnKfbkWUlseTYrJ4GMgL+rxzqtX3c29w/P7jlu2X94XYyw=="
    }
  }
}
